
Microsoft Visual Studio Solution File, Format Version 12.00
# Visual Studio Version 16
VisualStudioVersion = 16.0.32002.261
MinimumVisualStudioVersion = 10.0.40219.1
Project("{FAE04EC0-301F-11D3-BF4B-00C04F79EFBC}") = "TheSuperTown", "TheSuperTown\TheSuperTown.csproj", "{C50C1E02-6FB1-4A29-9C1F-777DFF9A55D8}"
EndProject
Global
	GlobalSection(SolutionConfigurationPlatforms) = preSolution
		Debug|Any CPU = Debug|Any CPU
		Release|Any CPU = Release|Any CPU
	EndGlobalSection
	GlobalSection(ProjectConfigurationPlatforms) = postSolution
		{C50C1E02-6FB1-4A29-9C1F-777DFF9A55D8}.Debug|Any CPU.ActiveCfg = Debug|Any CPU
		{C50C1E02-6FB1-4A29-9C1F-777DFF9A55D8}.Debug|Any CPU.Build.0 = Debug|Any CPU
		{C50C1E02-6FB1-4A29-9C1F-777DFF9A55D8}.Release|Any CPU.ActiveCfg = Release|Any CPU
		{C50C1E02-6FB1-4A29-9C1F-777DFF9A55D8}.Release|Any CPU.Build.0 = Release|Any CPU
	EndGlobalSection
	GlobalSection(SolutionProperties) = preSolution
		HideSolutionNode = FALSE
	EndGlobalSection
	GlobalSection(ExtensibilityGlobals) = postSolution
		SolutionGuid = {C372E347-19B8-40B1-9253-BBBF23B7B6CF}
	EndGlobalSection
EndGlobal
